{
  "version": 4,
  "terraform_version": "1.7.5",
  "serial": 8,
  "lineage": "7aa6c7da-5d95-d384-716b-d774433896d8",
  "outputs": {
    "approle_role_id": {
      "value": "83674ac4-449f-8156-d3c2-590ee104305c",
      "type": "string"
    }
  },
  "resources": [
    {
      "mode": "managed",
      "type": "vault_approle_auth_backend_role",
      "name": "example_role",
      "provider": "provider[\"registry.terraform.io/hashicorp/vault\"]",
      "instances": [
        {
          "schema_version": 0,
          "attributes": {
            "backend": "approle",
            "bind_secret_id": true,
            "id": "auth/approle/role/example-role",
            "namespace": null,
            "role_id": "83674ac4-449f-8156-d3c2-590ee104305c",
            "role_name": "example-role",
            "secret_id_bound_cidrs": [],
            "secret_id_num_uses": 0,
            "secret_id_ttl": 86400,
            "token_bound_cidrs": [],
            "token_explicit_max_ttl": 0,
            "token_max_ttl": 259200,
            "token_no_default_policy": false,
            "token_num_uses": 0,
            "token_period": 0,
            "token_policies": [
              "default",
              "example-policy"
            ],
            "token_ttl": 86400,
            "token_type": "default"
          },
          "sensitive_attributes": [],
          "private": "bnVsbA=="
        }
      ]
    },
    {
      "mode": "managed",
      "type": "vault_mount",
      "name": "kv_secrets",
      "provider": "provider[\"registry.terraform.io/hashicorp/vault\"]",
      "instances": [
        {
          "schema_version": 0,
          "attributes": {
            "accessor": "kv_640d2476",
            "allowed_managed_keys": [],
            "allowed_response_headers": [],
            "audit_non_hmac_request_keys": [],
            "audit_non_hmac_response_keys": [],
            "default_lease_ttl_seconds": 0,
            "delegated_auth_accessors": null,
            "description": "",
            "external_entropy_access": false,
            "id": "secret",
            "identity_token_key": "",
            "listing_visibility": "",
            "local": false,
            "max_lease_ttl_seconds": 0,
            "namespace": null,
            "options": {},
            "passthrough_request_headers": [],
            "path": "secret",
            "plugin_version": null,
            "seal_wrap": false,
            "type": "kv-v2"
          },
          "sensitive_attributes": [],
          "private": "bnVsbA=="
        }
      ]
    },
    {
      "mode": "managed",
      "type": "vault_policy",
      "name": "example_policy",
      "provider": "provider[\"registry.terraform.io/hashicorp/vault\"]",
      "instances": [
        {
          "schema_version": 0,
          "attributes": {
            "id": "example-policy",
            "name": "example-policy",
            "namespace": null,
            "policy": "path \"auth/approle/login\" {\n  capabilities = [\"create\"]\n}\n\npath \"secret/data/*\" {\n  capabilities = [\"create\", \"read\", \"update\", \"delete\", \"list\"]\n}\n"
          },
          "sensitive_attributes": [],
          "private": "bnVsbA=="
        }
      ]
    }
  ],
  "check_results": null
}
